# This file is generated by running "yarn install" inside your project.
# Manual changes might be lost - proceed with caution!

__metadata:
  version: 8
  cacheKey: 10c0

"@alloc/quick-lru@npm:^5.2.0":
  version: 5.2.0
  resolution: "@alloc/quick-lru@npm:5.2.0"
  checksum: 10c0/7b878c48b9d25277d0e1a9b8b2f2312a314af806b4129dc902f2bc29ab09b58236e53964689feec187b28c80d2203aff03829754773a707a8a5987f1b7682d92
  languageName: node
  linkType: hard

"@emnapi/core@npm:^1.7.1":
  version: 1.8.1
  resolution: "@emnapi/core@npm:1.8.1"
  dependencies:
    "@emnapi/wasi-threads": "npm:1.1.0"
    tslib: "npm:^2.4.0"
  checksum: 10c0/2c242f4b49779bac403e1cbcc98edacdb1c8ad36562408ba9a20663824669e930bc8493be46a2522d9dc946b8d96cd7073970bae914928c7671b5221c85b432e
  languageName: node
  linkType: hard

"@emnapi/runtime@npm:^1.7.0, @emnapi/runtime@npm:^1.7.1":
  version: 1.8.1
  resolution: "@emnapi/runtime@npm:1.8.1"
  dependencies:
    tslib: "npm:^2.4.0"
  checksum: 10c0/f4929d75e37aafb24da77d2f58816761fe3f826aad2e37fa6d4421dac9060cbd5098eea1ac3c9ecc4526b89deb58153852fa432f87021dc57863f2ff726d713f
  languageName: node
  linkType: hard

"@emnapi/wasi-threads@npm:1.1.0, @emnapi/wasi-threads@npm:^1.1.0":
  version: 1.1.0
  resolution: "@emnapi/wasi-threads@npm:1.1.0"
  dependencies:
    tslib: "npm:^2.4.0"
  checksum: 10c0/e6d54bf2b1e64cdd83d2916411e44e579b6ae35d5def0dea61a3c452d9921373044dff32a8b8473ae60c80692bdc39323e98b96a3f3d87ba6886b24dd0ef7ca1
  languageName: node
  linkType: hard

"@img/colour@npm:^1.0.0":
  version: 1.0.0
  resolution: "@img/colour@npm:1.0.0"
  checksum: 10c0/02261719c1e0d7aa5a2d585981954f2ac126f0c432400aa1a01b925aa2c41417b7695da8544ee04fd29eba7ecea8eaf9b8bef06f19dc8faba78f94eeac40667d
  languageName: node
  linkType: hard

"@img/sharp-darwin-arm64@npm:0.34.5":
  version: 0.34.5
  resolution: "@img/sharp-darwin-arm64@npm:0.34.5"
  dependencies:
    "@img/sharp-libvips-darwin-arm64": "npm:1.2.4"
  dependenciesMeta:
    "@img/sharp-libvips-darwin-arm64":
      optional: true
  conditions: os=darwin & cpu=arm64
  languageName: node
  linkType: hard

"@img/sharp-darwin-x64@npm:0.34.5":
  version: 0.34.5
  resolution: "@img/sharp-darwin-x64@npm:0.34.5"
  dependencies:
    "@img/sharp-libvips-darwin-x64": "npm:1.2.4"
  dependenciesMeta:
    "@img/sharp-libvips-darwin-x64":
      optional: true
  conditions: os=darwin & cpu=x64
  languageName: node
  linkType: hard

"@img/sharp-libvips-darwin-arm64@npm:1.2.4":
  version: 1.2.4
  resolution: "@img/sharp-libvips-darwin-arm64@npm:1.2.4"
  conditions: os=darwin & cpu=arm64
  languageName: node
  linkType: hard

"@img/sharp-libvips-darwin-x64@npm:1.2.4":
  version: 1.2.4
  resolution: "@img/sharp-libvips-darwin-x64@npm:1.2.4"
  conditions: os=darwin & cpu=x64
  languageName: node
  linkType: hard

"@img/sharp-libvips-linux-arm64@npm:1.2.4":
  version: 1.2.4
  resolution: "@img/sharp-libvips-linux-arm64@npm:1.2.4"
  conditions: os=linux & cpu=arm64 & libc=glibc
  languageName: node
  linkType: hard

"@img/sharp-libvips-linux-arm@npm:1.2.4":
  version: 1.2.4
  resolution: "@img/sharp-libvips-linux-arm@npm:1.2.4"
  conditions: os=linux & cpu=arm & libc=glibc
  languageName: node
  linkType: hard

"@img/sharp-libvips-linux-ppc64@npm:1.2.4":
  version: 1.2.4
  resolution: "@img/sharp-libvips-linux-ppc64@npm:1.2.4"
  conditions: os=linux & cpu=ppc64 & libc=glibc
  languageName: node
  linkType: hard

"@img/sharp-libvips-linux-riscv64@npm:1.2.4":
  version: 1.2.4
  resolution: "@img/sharp-libvips-linux-riscv64@npm:1.2.4"
  conditions: os=linux & cpu=riscv64 & libc=glibc
  languageName: node
  linkType: hard

"@img/sharp-libvips-linux-s390x@npm:1.2.4":
  version: 1.2.4
  resolution: "@img/sharp-libvips-linux-s390x@npm:1.2.4"
  conditions: os=linux & cpu=s390x & libc=glibc
  languageName: node
  linkType: hard

"@img/sharp-libvips-linux-x64@npm:1.2.4":
  version: 1.2.4
  resolution: "@img/sharp-libvips-linux-x64@npm:1.2.4"
  conditions: os=linux & cpu=x64 & libc=glibc
  languageName: node
  linkType: hard

"@img/sharp-libvips-linuxmusl-arm64@npm:1.2.4":
  version: 1.2.4
  resolution: "@img/sharp-libvips-linuxmusl-arm64@npm:1.2.4"
  conditions: os=linux & cpu=arm64 & libc=musl
  languageName: node
  linkType: hard

"@img/sharp-libvips-linuxmusl-x64@npm:1.2.4":
  version: 1.2.4
  resolution: "@img/sharp-libvips-linuxmusl-x64@npm:1.2.4"
  conditions: os=linux & cpu=x64 & libc=musl
  languageName: node
  linkType: hard

"@img/sharp-linux-arm64@npm:0.34.5":
  version: 0.34.5
  resolution: "@img/sharp-linux-arm64@npm:0.34.5"
  dependencies:
    "@img/sharp-libvips-linux-arm64": "npm:1.2.4"
  dependenciesMeta:
    "@img/sharp-libvips-linux-arm64":
      optional: true
  conditions: os=linux & cpu=arm64 & libc=glibc
  languageName: node
  linkType: hard

"@img/sharp-linux-arm@npm:0.34.5":
  version: 0.34.5
  resolution: "@img/sharp-linux-arm@npm:0.34.5"
  dependencies:
    "@img/sharp-libvips-linux-arm": "npm:1.2.4"
  dependenciesMeta:
    "@img/sharp-libvips-linux-arm":
      optional: true
  conditions: os=linux & cpu=arm & libc=glibc
  languageName: node
  linkType: hard

"@img/sharp-linux-ppc64@npm:0.34.5":
  version: 0.34.5
  resolution: "@img/sharp-linux-ppc64@npm:0.34.5"
  dependencies:
    "@img/sharp-libvips-linux-ppc64": "npm:1.2.4"
  dependenciesMeta:
    "@img/sharp-libvips-linux-ppc64":
      optional: true
  conditions: os=linux & cpu=ppc64 & libc=glibc
  languageName: node
  linkType: hard

"@img/sharp-linux-riscv64@npm:0.34.5":
  version: 0.34.5
  resolution: "@img/sharp-linux-riscv64@npm:0.34.5"
  dependencies:
    "@img/sharp-libvips-linux-riscv64": "npm:1.2.4"
  dependenciesMeta:
    "@img/sharp-libvips-linux-riscv64":
      optional: true
  conditions: os=linux & cpu=riscv64 & libc=glibc
  languageName: node
  linkType: hard

"@img/sharp-linux-s390x@npm:0.34.5":
  version: 0.34.5
  resolution: "@img/sharp-linux-s390x@npm:0.34.5"
  dependencies:
    "@img/sharp-libvips-linux-s390x": "npm:1.2.4"
  dependenciesMeta:
    "@img/sharp-libvips-linux-s390x":
      optional: true
  conditions: os=linux & cpu=s390x & libc=glibc
  languageName: node
  linkType: hard

"@img/sharp-linux-x64@npm:0.34.5":
  version: 0.34.5
  resolution: "@img/sharp-linux-x64@npm:0.34.5"
  dependencies:
    "@img/sharp-libvips-linux-x64": "npm:1.2.4"
  dependenciesMeta:
    "@img/sharp-libvips-linux-x64":
      optional: true
  conditions: os=linux & cpu=x64 & libc=glibc
  languageName: node
  linkType: hard

"@img/sharp-linuxmusl-arm64@npm:0.34.5":
  version: 0.34.5
  resolution: "@img/sharp-linuxmusl-arm64@npm:0.34.5"
  dependencies:
    "@img/sharp-libvips-linuxmusl-arm64": "npm:1.2.4"
  dependenciesMeta:
    "@img/sharp-libvips-linuxmusl-arm64":
      optional: true
  conditions: os=linux & cpu=arm64 & libc=musl
  languageName: node
  linkType: hard

"@img/sharp-linuxmusl-x64@npm:0.34.5":
  version: 0.34.5
  resolution: "@img/sharp-linuxmusl-x64@npm:0.34.5"
  dependencies:
    "@img/sharp-libvips-linuxmusl-x64": "npm:1.2.4"
  dependenciesMeta:
    "@img/sharp-libvips-linuxmusl-x64":
      optional: true
  conditions: os=linux & cpu=x64 & libc=musl
  languageName: node
  linkType: hard

"@img/sharp-wasm32@npm:0.34.5":
  version: 0.34.5
  resolution: "@img/sharp-wasm32@npm:0.34.5"
  dependencies:
    "@emnapi/runtime": "npm:^1.7.0"
  conditions: cpu=wasm32
  languageName: node
  linkType: hard

"@img/sharp-win32-arm64@npm:0.34.5":
  version: 0.34.5
  resolution: "@img/sharp-win32-arm64@npm:0.34.5"
  conditions: os=win32 & cpu=arm64
  languageName: node
  linkType: hard

"@img/sharp-win32-ia32@npm:0.34.5":
  version: 0.34.5
  resolution: "@img/sharp-win32-ia32@npm:0.34.5"
  conditions: os=win32 & cpu=ia32
  languageName: node
  linkType: hard

"@img/sharp-win32-x64@npm:0.34.5":
  version: 0.34.5
  resolution: "@img/sharp-win32-x64@npm:0.34.5"
  conditions: os=win32 & cpu=x64
  languageName: node
  linkType: hard

"@jridgewell/gen-mapping@npm:^0.3.5":
  version: 0.3.13
  resolution: "@jridgewell/gen-mapping@npm:0.3.13"
  dependencies:
    "@jridgewell/sourcemap-codec": "npm:^1.5.0"
    "@jridgewell/trace-mapping": "npm:^0.3.24"
  checksum: 10c0/9a7d65fb13bd9aec1fbab74cda08496839b7e2ceb31f5ab922b323e94d7c481ce0fc4fd7e12e2610915ed8af51178bdc61e168e92a8c8b8303b030b03489b13b
  languageName: node
  linkType: hard

"@jridgewell/remapping@npm:^2.3.4":
  version: 2.3.5
  resolution: "@jridgewell/remapping@npm:2.3.5"
  dependencies:
    "@jridgewell/gen-mapping": "npm:^0.3.5"
    "@jridgewell/trace-mapping": "npm:^0.3.24"
  checksum: 10c0/3de494219ffeb2c5c38711d0d7bb128097edf91893090a2dbc8ee0b55d092bb7347b1fd0f478486c5eab010e855c73927b1666f2107516d472d24a73017d1194
  languageName: node
  linkType: hard

"@jridgewell/resolve-uri@npm:^3.1.0":
  version: 3.1.2
  resolution: "@jridgewell/resolve-uri@npm:3.1.2"
  checksum: 10c0/d502e6fb516b35032331406d4e962c21fe77cdf1cbdb49c6142bcbd9e30507094b18972778a6e27cbad756209cfe34b1a27729e6fa08a2eb92b33943f680cf1e
  languageName: node
  linkType: hard

"@jridgewell/sourcemap-codec@npm:^1.4.14, @jridgewell/sourcemap-codec@npm:^1.5.0, @jridgewell/sourcemap-codec@npm:^1.5.5":
  version: 1.5.5
  resolution: "@jridgewell/sourcemap-codec@npm:1.5.5"
  checksum: 10c0/f9e538f302b63c0ebc06eecb1dd9918dd4289ed36147a0ddce35d6ea4d7ebbda243cda7b2213b6a5e1d8087a298d5cf630fb2bd39329cdecb82017023f6081a0
  languageName: node
  linkType: hard

"@jridgewell/trace-mapping@npm:^0.3.24":
  version: 0.3.31
  resolution: "@jridgewell/trace-mapping@npm:0.3.31"
  dependencies:
    "@jridgewell/resolve-uri": "npm:^3.1.0"
    "@jridgewell/sourcemap-codec": "npm:^1.4.14"
  checksum: 10c0/4b30ec8cd56c5fd9a661f088230af01e0c1a3888d11ffb6b47639700f71225be21d1f7e168048d6d4f9449207b978a235c07c8f15c07705685d16dc06280e9d9
  languageName: node
  linkType: hard

"@napi-rs/wasm-runtime@npm:^1.1.0":
  version: 1.1.1
  resolution: "@napi-rs/wasm-runtime@npm:1.1.1"
  dependencies:
    "@emnapi/core": "npm:^1.7.1"
    "@emnapi/runtime": "npm:^1.7.1"
    "@tybys/wasm-util": "npm:^0.10.1"
  checksum: 10c0/04d57b67e80736e41fe44674a011878db0a8ad893f4d44abb9d3608debb7c174224cba2796ed5b0c1d367368159f3ca6be45f1c59222f70e32ddc880f803d447
  languageName: node
  linkType: hard

"@next/env@npm:15.5.4":
  version: 15.5.4
  resolution: "@next/env@npm:15.5.4"
  checksum: 10c0/bcf043a353e601321e6d4fb190796d7f098a08007fe2039b6a6b384df641782abfaa8e1d1d9c85ab6987323979f4f75cd4fefd3fd17d2400b881541481bee474
  languageName: node
  linkType: hard

"@next/swc-darwin-arm64@npm:15.5.4":
  version: 15.5.4
  resolution: "@next/swc-darwin-arm64@npm:15.5.4"
  conditions: os=darwin & cpu=arm64
  languageName: node
  linkType: hard

"@next/swc-darwin-x64@npm:15.5.4":
  version: 15.5.4
  resolution: "@next/swc-darwin-x64@npm:15.5.4"
  conditions: os=darwin & cpu=x64
  languageName: node
  linkType: hard

"@next/swc-linux-arm64-gnu@npm:15.5.4":
  version: 15.5.4
  resolution: "@next/swc-linux-arm64-gnu@npm:15.5.4"
  conditions: os=linux & cpu=arm64 & libc=glibc
  languageName: node
  linkType: hard

"@next/swc-linux-arm64-musl@npm:15.5.4":
  version: 15.5.4
  resolution: "@next/swc-linux-arm64-musl@npm:15.5.4"
  conditions: os=linux & cpu=arm64 & libc=musl
  languageName: node
  linkType: hard

"@next/swc-linux-x64-gnu@npm:15.5.4":
  version: 15.5.4
  resolution: "@next/swc-linux-x64-gnu@npm:15.5.4"
  conditions: os=linux & cpu=x64 & libc=glibc
  languageName: node
  linkType: hard

"@next/swc-linux-x64-musl@npm:15.5.4":
  version: 15.5.4
  resolution: "@next/swc-linux-x64-musl@npm:15.5.4"
  conditions: os=linux & cpu=x64 & libc=musl
  languageName: node
  linkType: hard

"@next/swc-win32-arm64-msvc@npm:15.5.4":
  version: 15.5.4
  resolution: "@next/swc-win32-arm64-msvc@npm:15.5.4"
  conditions: os=win32 & cpu=arm64
  languageName: node
  linkType: hard

"@next/swc-win32-x64-msvc@npm:15.5.4":
  version: 15.5.4
  resolution: "@next/swc-win32-x64-msvc@npm:15.5.4"
  conditions: os=win32 & cpu=x64
  languageName: node
  linkType: hard

"@react-email/render@npm:^1.3.2":
  version: 1.4.0
  resolution: "@react-email/render@npm:1.4.0"
  dependencies:
    html-to-text: "npm:^9.0.5"
    prettier: "npm:^3.5.3"
    react-promise-suspense: "npm:^0.3.4"
  peerDependencies:
    react: ^18.0 || ^19.0 || ^19.0.0-rc
    react-dom: ^18.0 || ^19.0 || ^19.0.0-rc
  checksum: 10c0/9c4572daa621d463e4095d79f5788148d906dd5df4f97422a99bf76a444a260faa7ec823ff1589183fe54edafbde2f9c4fa3b65576d6d1beffd19dec8b431d77
  languageName: node
  linkType: hard

"@selderee/plugin-htmlparser2@npm:^0.11.0":
  version: 0.11.0
  resolution: "@selderee/plugin-htmlparser2@npm:0.11.0"
  dependencies:
    domhandler: "npm:^5.0.3"
    selderee: "npm:^0.11.0"
  checksum: 10c0/e938ba9aeb31a9cf30dcb2977ef41685c598bf744bedc88c57aa9e8b7e71b51781695cf99c08aac50773fd7714eba670bd2a079e46db0788abe40c6d220084eb
  languageName: node
  linkType: hard

"@stablelib/base64@npm:^1.0.0":
  version: 1.0.1
  resolution: "@stablelib/base64@npm:1.0.1"
  checksum: 10c0/6330720f021819d19cecfe274111b79a256caa81df478d6b0ae7effc8842b96915b6aeed85926ff05b4d48ec1fc78ad043d928b730ee4e6cc6e8cba6aa097bed
  languageName: node
  linkType: hard

"@swc/helpers@npm:0.5.15":
  version: 0.5.15
  resolution: "@swc/helpers@npm:0.5.15"
  dependencies:
    tslib: "npm:^2.8.0"
  checksum: 10c0/33002f74f6f885f04c132960835fdfc474186983ea567606db62e86acd0680ca82f34647e8e610f4e1e422d1c16fce729dde22cd3b797ab1fd9061a825dabca4
  languageName: node
  linkType: hard

"@tailwindcss/node@npm:4.1.18":
  version: 4.1.18
  resolution: "@tailwindcss/node@npm:4.1.18"
  dependencies:
    "@jridgewell/remapping": "npm:^2.3.4"
    enhanced-resolve: "npm:^5.18.3"
    jiti: "npm:^2.6.1"
    lightningcss: "npm:1.30.2"
    magic-string: "npm:^0.30.21"
    source-map-js: "npm:^1.2.1"
    tailwindcss: "npm:4.1.18"
  checksum: 10c0/0527f4cb602a80413a7f135edc9a9c785edd543cceedd046ed2401d4c35c1ec433d5162c325d31ee7248f3560a709dafe30a50c1406662f28a2b3aaeb21f69fe
  languageName: node
  linkType: hard

"@tailwindcss/oxide-android-arm64@npm:4.1.18":
  version: 4.1.18
  resolution: "@tailwindcss/oxide-android-arm64@npm:4.1.18"
  conditions: os=android & cpu=arm64
  languageName: node
  linkType: hard

"@tailwindcss/oxide-darwin-arm64@npm:4.1.18":
  version: 4.1.18
  resolution: "@tailwindcss/oxide-darwin-arm64@npm:4.1.18"
  conditions: os=darwin & cpu=arm64
  languageName: node
  linkType: hard

"@tailwindcss/oxide-darwin-x64@npm:4.1.18":
  version: 4.1.18
  resolution: "@tailwindcss/oxide-darwin-x64@npm:4.1.18"
  conditions: os=darwin & cpu=x64
  languageName: node
  linkType: hard

"@tailwindcss/oxide-freebsd-x64@npm:4.1.18":
  version: 4.1.18
  resolution: "@tailwindcss/oxide-freebsd-x64@npm:4.1.18"
  conditions: os=freebsd & cpu=x64
  languageName: node
  linkType: hard

"@tailwindcss/oxide-linux-arm-gnueabihf@npm:4.1.18":
  version: 4.1.18
  resolution: "@tailwindcss/oxide-linux-arm-gnueabihf@npm:4.1.18"
  conditions: os=linux & cpu=arm
  languageName: node
  linkType: hard

"@tailwindcss/oxide-linux-arm64-gnu@npm:4.1.18":
  version: 4.1.18
  resolution: "@tailwindcss/oxide-linux-arm64-gnu@npm:4.1.18"
  conditions: os=linux & cpu=arm64 & libc=glibc
  languageName: node
  linkType: hard

"@tailwindcss/oxide-linux-arm64-musl@npm:4.1.18":
  version: 4.1.18
  resolution: "@tailwindcss/oxide-linux-arm64-musl@npm:4.1.18"
  conditions: os=linux & cpu=arm64 & libc=musl
  languageName: node
  linkType: hard

"@tailwindcss/oxide-linux-x64-gnu@npm:4.1.18":
  version: 4.1.18
  resolution: "@tailwindcss/oxide-linux-x64-gnu@npm:4.1.18"
  conditions: os=linux & cpu=x64 & libc=glibc
  languageName: node
  linkType: hard

"@tailwindcss/oxide-linux-x64-musl@npm:4.1.18":
  version: 4.1.18
  resolution: "@tailwindcss/oxide-linux-x64-musl@npm:4.1.18"
  conditions: os=linux & cpu=x64 & libc=musl
  languageName: node
  linkType: hard

"@tailwindcss/oxide-wasm32-wasi@npm:4.1.18":
  version: 4.1.18
  resolution: "@tailwindcss/oxide-wasm32-wasi@npm:4.1.18"
  dependencies:
    "@emnapi/core": "npm:^1.7.1"
    "@emnapi/runtime": "npm:^1.7.1"
    "@emnapi/wasi-threads": "npm:^1.1.0"
    "@napi-rs/wasm-runtime": "npm:^1.1.0"
    "@tybys/wasm-util": "npm:^0.10.1"
    tslib: "npm:^2.4.0"
  conditions: cpu=wasm32
  languageName: node
  linkType: hard

"@tailwindcss/oxide-win32-arm64-msvc@npm:4.1.18":
  version: 4.1.18
  resolution: "@tailwindcss/oxide-win32-arm64-msvc@npm:4.1.18"
  conditions: os=win32 & cpu=arm64
  languageName: node
  linkType: hard

"@tailwindcss/oxide-win32-x64-msvc@npm:4.1.18":
  version: 4.1.18
  resolution: "@tailwindcss/oxide-win32-x64-msvc@npm:4.1.18"
  conditions: os=win32 & cpu=x64
  languageName: node
  linkType: hard

"@tailwindcss/oxide@npm:4.1.18":
  version: 4.1.18
  resolution: "@tailwindcss/oxide@npm:4.1.18"
  dependencies:
    "@tailwindcss/oxide-android-arm64": "npm:4.1.18"
    "@tailwindcss/oxide-darwin-arm64": "npm:4.1.18"
    "@tailwindcss/oxide-darwin-x64": "npm:4.1.18"
    "@tailwindcss/oxide-freebsd-x64": "npm:4.1.18"
    "@tailwindcss/oxide-linux-arm-gnueabihf": "npm:4.1.18"
    "@tailwindcss/oxide-linux-arm64-gnu": "npm:4.1.18"
    "@tailwindcss/oxide-linux-arm64-musl": "npm:4.1.18"
    "@tailwindcss/oxide-linux-x64-gnu": "npm:4.1.18"
    "@tailwindcss/oxide-linux-x64-musl": "npm:4.1.18"
    "@tailwindcss/oxide-wasm32-wasi": "npm:4.1.18"
    "@tailwindcss/oxide-win32-arm64-msvc": "npm:4.1.18"
    "@tailwindcss/oxide-win32-x64-msvc": "npm:4.1.18"
  dependenciesMeta:
    "@tailwindcss/oxide-android-arm64":
      optional: true
    "@tailwindcss/oxide-darwin-arm64":
      optional: true
    "@tailwindcss/oxide-darwin-x64":
      optional: true
    "@tailwindcss/oxide-freebsd-x64":
      optional: true
    "@tailwindcss/oxide-linux-arm-gnueabihf":
      optional: true
    "@tailwindcss/oxide-linux-arm64-gnu":
      optional: true
    "@tailwindcss/oxide-linux-arm64-musl":
      optional: true
    "@tailwindcss/oxide-linux-x64-gnu":
      optional: true
    "@tailwindcss/oxide-linux-x64-musl":
      optional: true
    "@tailwindcss/oxide-wasm32-wasi":
      optional: true
    "@tailwindcss/oxide-win32-arm64-msvc":
      optional: true
    "@tailwindcss/oxide-win32-x64-msvc":
      optional: true
  checksum: 10c0/1ff978ef24ffae6369e0468bd8c71d1995a00f1697ac1b8f24e92d2d5505ae23534e6257194e78360c16abbe34fc70de508c86d589917336067a60d755b86fcb
  languageName: node
  linkType: hard

"@tailwindcss/postcss@npm:^4":
  version: 4.1.18
  resolution: "@tailwindcss/postcss@npm:4.1.18"
  dependencies:
    "@alloc/quick-lru": "npm:^5.2.0"
    "@tailwindcss/node": "npm:4.1.18"
    "@tailwindcss/oxide": "npm:4.1.18"
    postcss: "npm:^8.4.41"
    tailwindcss: "npm:4.1.18"
  checksum: 10c0/230d29ca8103c77113803bab1ac0209ad5102a8f5228ade5fe3fbc295e185e9d443416ac9802798e054b0c1ca3c5fa00a907b04d24fb8670b6f795a6d0ac1390
  languageName: node
  linkType: hard

"@tybys/wasm-util@npm:^0.10.1":
  version: 0.10.1
  resolution: "@tybys/wasm-util@npm:0.10.1"
  dependencies:
    tslib: "npm:^2.4.0"
  checksum: 10c0/b255094f293794c6d2289300c5fbcafbb5532a3aed3a5ffd2f8dc1828e639b88d75f6a376dd8f94347a44813fd7a7149d8463477a9a49525c8b2dcaa38c2d1e8
  languageName: node
  linkType: hard

"@types/node@npm:^20":
  version: 20.19.30
  resolution: "@types/node@npm:20.19.30"
  dependencies:
    undici-types: "npm:~6.21.0"
  checksum: 10c0/23dbea652727d947ea35fc1c4e8acb7e1c535e85f6c139c3a4697864a5af164655ce305ab0877ea4cca537deee0405bf56aeac714f236ae1a3dd0fa6b87cc860
  languageName: node
  linkType: hard

"@types/react-dom@npm:^19":
  version: 19.2.3
  resolution: "@types/react-dom@npm:19.2.3"
  peerDependencies:
    "@types/react": ^19.2.0
  checksum: 10c0/b486ebe0f4e2fb35e2e108df1d8fc0927ca5d6002d5771e8a739de11239fe62d0e207c50886185253c99eb9dedfeeb956ea7429e5ba17f6693c7acb4c02f8cd1
  languageName: node
  linkType: hard

"@types/react@npm:^19":
  version: 19.2.9
  resolution: "@types/react@npm:19.2.9"
  dependencies:
    csstype: "npm:^3.2.2"
  checksum: 10c0/91c6839edd10ebdab4cd686d2a744e6ae078ed5831a36d48284ae92df0463c89bda1084ffdd2e6445f0716236c2c6ae0828b82f70720727632331695f4581d2a
  languageName: node
  linkType: hard

"caniuse-lite@npm:^1.0.30001579":
  version: 1.0.30001765
  resolution: "caniuse-lite@npm:1.0.30001765"
  checksum: 10c0/2bab28b322ec040dde2b6f56019ffd1e0bbd719111e45f58cb0fb06a783812d8ba8df65755320fd253aa1926dffc7bf0864adc11f6b231ac2b3a5b8221199c29
  languageName: node
  linkType: hard

"client-only@npm:0.0.1":
  version: 0.0.1
  resolution: "client-only@npm:0.0.1"
  checksum: 10c0/9d6cfd0c19e1c96a434605added99dff48482152af791ec4172fb912a71cff9027ff174efd8cdb2160cc7f377543e0537ffc462d4f279bc4701de3f2a3c4b358
  languageName: node
  linkType: hard

"cors@npm:^2.8.5":
  version: 2.8.5
  resolution: "cors@npm:2.8.5"
  dependencies:
    object-assign: "npm:^4"
    vary: "npm:^1"
  checksum: 10c0/373702b7999409922da80de4a61938aabba6929aea5b6fd9096fefb9e8342f626c0ebd7507b0e8b0b311380744cc985f27edebc0a26e0ddb784b54e1085de761
  languageName: node
  linkType: hard

"csstype@npm:^3.2.2":
  version: 3.2.3
  resolution: "csstype@npm:3.2.3"
  checksum: 10c0/cd29c51e70fa822f1cecd8641a1445bed7063697469d35633b516e60fe8c1bde04b08f6c5b6022136bb669b64c63d4173af54864510fbb4ee23281801841a3ce
  languageName: node
  linkType: hard

"deepmerge@npm:^4.3.1":
  version: 4.3.1
  resolution: "deepmerge@npm:4.3.1"
  checksum: 10c0/e53481aaf1aa2c4082b5342be6b6d8ad9dfe387bc92ce197a66dea08bd4265904a087e75e464f14d1347cf2ac8afe1e4c16b266e0561cc5df29382d3c5f80044
  languageName: node
  linkType: hard

"detect-libc@npm:^2.0.3, detect-libc@npm:^2.1.2":
  version: 2.1.2
  resolution: "detect-libc@npm:2.1.2"
  checksum: 10c0/acc675c29a5649fa1fb6e255f993b8ee829e510b6b56b0910666949c80c364738833417d0edb5f90e4e46be17228b0f2b66a010513984e18b15deeeac49369c4
  languageName: node
  linkType: hard

"dom-serializer@npm:^2.0.0":
  version: 2.0.0
  resolution: "dom-serializer@npm:2.0.0"
  dependencies:
    domelementtype: "npm:^2.3.0"
    domhandler: "npm:^5.0.2"
    entities: "npm:^4.2.0"
  checksum: 10c0/d5ae2b7110ca3746b3643d3ef60ef823f5f078667baf530cec096433f1627ec4b6fa8c072f09d079d7cda915fd2c7bc1b7b935681e9b09e591e1e15f4040b8e2
  languageName: node
  linkType: hard

"domelementtype@npm:^2.3.0":
  version: 2.3.0
  resolution: "domelementtype@npm:2.3.0"
  checksum: 10c0/686f5a9ef0fff078c1412c05db73a0dce096190036f33e400a07e2a4518e9f56b1e324f5c576a0a747ef0e75b5d985c040b0d51945ce780c0dd3c625a18cd8c9
  languageName: node
  linkType: hard

"domhandler@npm:^5.0.2, domhandler@npm:^5.0.3":
  version: 5.0.3
  resolution: "domhandler@npm:5.0.3"
  dependencies:
    domelementtype: "npm:^2.3.0"
  checksum: 10c0/bba1e5932b3e196ad6862286d76adc89a0dbf0c773e5ced1eb01f9af930c50093a084eff14b8de5ea60b895c56a04d5de8bbc4930c5543d029091916770b2d2a
  languageName: node
  linkType: hard

"domutils@npm:^3.0.1":
  version: 3.2.2
  resolution: "domutils@npm:3.2.2"
  dependencies:
    dom-serializer: "npm:^2.0.0"
    domelementtype: "npm:^2.3.0"
    domhandler: "npm:^5.0.3"
  checksum: 10c0/47938f473b987ea71cd59e59626eb8666d3aa8feba5266e45527f3b636c7883cca7e582d901531961f742c519d7514636b7973353b648762b2e3bedbf235fada
  languageName: node
  linkType: hard

"email@workspace:.":
  version: 0.0.0-use.local
  resolution: "email@workspace:."
  dependencies:
    "@react-email/render": "npm:^1.3.2"
    "@tailwindcss/postcss": "npm:^4"
    "@types/node": "npm:^20"
    "@types/react": "npm:^19"
    "@types/react-dom": "npm:^19"
    next: "npm:15.5.4"
    nextjs-cors: "npm:^2.2.0"
    react: "npm:19.1.0"
    react-dom: "npm:19.1.0"
    resend: "npm:^6.1.2"
    tailwindcss: "npm:^4"
    typescript: "npm:^5"
  languageName: unknown
  linkType: soft

"enhanced-resolve@npm:^5.18.3":
  version: 5.18.4
  resolution: "enhanced-resolve@npm:5.18.4"
  dependencies:
    graceful-fs: "npm:^4.2.4"
    tapable: "npm:^2.2.0"
  checksum: 10c0/8f6d42c8a0787a746c493e724c9de5d091cfe8e3f871f2464e2f78a6c55fa1a3aaba495334f923c8ea3ac23e1472491f79feef6fc0fb46a75169cb447ffbe2dc
  languageName: node
  linkType: hard

"entities@npm:^4.2.0, entities@npm:^4.4.0":
  version: 4.5.0
  resolution: "entities@npm:4.5.0"
  checksum: 10c0/5b039739f7621f5d1ad996715e53d964035f75ad3b9a4d38c6b3804bb226e282ffeae2443624d8fdd9c47d8e926ae9ac009c54671243f0c3294c26af7cc85250
  languageName: node
  linkType: hard

"fast-deep-equal@npm:^2.0.1":
  version: 2.0.1
  resolution: "fast-deep-equal@npm:2.0.1"
  checksum: 10c0/1602e0d6ed63493c865cc6b03f9070d6d3926e8cd086a123060b58f80a295f3f08b1ecfb479ae7c45b7fd45535202aea7cf5b49bc31bffb81c20b1502300be84
  languageName: node
  linkType: hard

"fast-sha256@npm:^1.3.0":
  version: 1.3.0
  resolution: "fast-sha256@npm:1.3.0"
  checksum: 10c0/87f9e4baa7639576cf60a2b6235c9f436e1a1c52323abbd8a705b5bea8355500acf176f2aed0c14f2ecd6d6007e26151461bab2f27b8953bcca8d9d6b76a86e4
  languageName: node
  linkType: hard

"graceful-fs@npm:^4.2.4":
  version: 4.2.11
  resolution: "graceful-fs@npm:4.2.11"
  checksum: 10c0/386d011a553e02bc594ac2ca0bd6d9e4c22d7fa8cfbfc448a6d148c59ea881b092db9dbe3547ae4b88e55f1b01f7c4a2ecc53b310c042793e63aa44cf6c257f2
  languageName: node
  linkType: hard

"html-to-text@npm:^9.0.5":
  version: 9.0.5
  resolution: "html-to-text@npm:9.0.5"
  dependencies:
    "@selderee/plugin-htmlparser2": "npm:^0.11.0"
    deepmerge: "npm:^4.3.1"
    dom-serializer: "npm:^2.0.0"
    htmlparser2: "npm:^8.0.2"
    selderee: "npm:^0.11.0"
  checksum: 10c0/5d2c77b798cf88a81b1da2fc1ea1a3b3e2ff49fe5a3d812392f802fff18ec315cf0969bd7846ef2eb7df8c37f463bc63e8cbdcf84e42696c6f3e15dfa61cdf4f
  languageName: node
  linkType: hard

"htmlparser2@npm:^8.0.2":
  version: 8.0.2
  resolution: "htmlparser2@npm:8.0.2"
  dependencies:
    domelementtype: "npm:^2.3.0"
    domhandler: "npm:^5.0.3"
    domutils: "npm:^3.0.1"
    entities: "npm:^4.4.0"
  checksum: 10c0/609cca85886d0bf2c9a5db8c6926a89f3764596877492e2caa7a25a789af4065bc6ee2cdc81807fe6b1d03a87bf8a373b5a754528a4cc05146b713c20575aab4
  languageName: node
  linkType: hard

"jiti@npm:^2.6.1":
  version: 2.6.1
  resolution: "jiti@npm:2.6.1"
  bin:
    jiti: lib/jiti-cli.mjs
  checksum: 10c0/79b2e96a8e623f66c1b703b98ec1b8be4500e1d217e09b09e343471bbb9c105381b83edbb979d01cef18318cc45ce6e153571b6c83122170eefa531c64b6789b
  languageName: node
  linkType: hard

"leac@npm:^0.6.0":
  version: 0.6.0
  resolution: "leac@npm:0.6.0"
  checksum: 10c0/5257781e10791ef8462eb1cbe5e48e3cda7692486f2a775265d6f5216cc088960c62f138163b8df0dcf2119d18673bfe7b050d6b41543d92a7b7ac90e4eb1e8b
  languageName: node
  linkType: hard

"lightningcss-android-arm64@npm:1.30.2":
  version: 1.30.2
  resolution: "lightningcss-android-arm64@npm:1.30.2"
  conditions: os=android & cpu=arm64
  languageName: node
  linkType: hard

"lightningcss-darwin-arm64@npm:1.30.2":
  version: 1.30.2
  resolution: "lightningcss-darwin-arm64@npm:1.30.2"
  conditions: os=darwin & cpu=arm64
  languageName: node
  linkType: hard

"lightningcss-darwin-x64@npm:1.30.2":
  version: 1.30.2
  resolution: "lightningcss-darwin-x64@npm:1.30.2"
  conditions: os=darwin & cpu=x64
  languageName: node
  linkType: hard

"lightningcss-freebsd-x64@npm:1.30.2":
  version: 1.30.2
  resolution: "lightningcss-freebsd-x64@npm:1.30.2"
  conditions: os=freebsd & cpu=x64
  languageName: node
  linkType: hard

"lightningcss-linux-arm-gnueabihf@npm:1.30.2":
  version: 1.30.2
  resolution: "lightningcss-linux-arm-gnueabihf@npm:1.30.2"
  conditions: os=linux & cpu=arm
  languageName: node
  linkType: hard

"lightningcss-linux-arm64-gnu@npm:1.30.2":
  version: 1.30.2
  resolution: "lightningcss-linux-arm64-gnu@npm:1.30.2"
  conditions: os=linux & cpu=arm64 & libc=glibc
  languageName: node
  linkType: hard

"lightningcss-linux-arm64-musl@npm:1.30.2":
  version: 1.30.2
  resolution: "lightningcss-linux-arm64-musl@npm:1.30.2"
  conditions: os=linux & cpu=arm64 & libc=musl
  languageName: node
  linkType: hard

"lightningcss-linux-x64-gnu@npm:1.30.2":
  version: 1.30.2
  resolution: "lightningcss-linux-x64-gnu@npm:1.30.2"
  conditions: os=linux & cpu=x64 & libc=glibc
  languageName: node
  linkType: hard

"lightningcss-linux-x64-musl@npm:1.30.2":
  version: 1.30.2
  resolution: "lightningcss-linux-x64-musl@npm:1.30.2"
  conditions: os=linux & cpu=x64 & libc=musl
  languageName: node
  linkType: hard

"lightningcss-win32-arm64-msvc@npm:1.30.2":
  version: 1.30.2
  resolution: "lightningcss-win32-arm64-msvc@npm:1.30.2"
  conditions: os=win32 & cpu=arm64
  languageName: node
  linkType: hard

"lightningcss-win32-x64-msvc@npm:1.30.2":
  version: 1.30.2
  resolution: "lightningcss-win32-x64-msvc@npm:1.30.2"
  conditions: os=win32 & cpu=x64
  languageName: node
  linkType: hard

"lightningcss@npm:1.30.2":
  version: 1.30.2
  resolution: "lightningcss@npm:1.30.2"
  dependencies:
    detect-libc: "npm:^2.0.3"
    lightningcss-android-arm64: "npm:1.30.2"
    lightningcss-darwin-arm64: "npm:1.30.2"
    lightningcss-darwin-x64: "npm:1.30.2"
    lightningcss-freebsd-x64: "npm:1.30.2"
    lightningcss-linux-arm-gnueabihf: "npm:1.30.2"
    lightningcss-linux-arm64-gnu: "npm:1.30.2"
    lightningcss-linux-arm64-musl: "npm:1.30.2"
    lightningcss-linux-x64-gnu: "npm:1.30.2"
    lightningcss-linux-x64-musl: "npm:1.30.2"
    lightningcss-win32-arm64-msvc: "npm:1.30.2"
    lightningcss-win32-x64-msvc: "npm:1.30.2"
  dependenciesMeta:
    lightningcss-android-arm64:
      optional: true
    lightningcss-darwin-arm64:
      optional: true
    lightningcss-darwin-x64:
      optional: true
    lightningcss-freebsd-x64:
      optional: true
    lightningcss-linux-arm-gnueabihf:
      optional: true
    lightningcss-linux-arm64-gnu:
      optional: true
    lightningcss-linux-arm64-musl:
      optional: true
    lightningcss-linux-x64-gnu:
      optional: true
    lightningcss-linux-x64-musl:
      optional: true
    lightningcss-win32-arm64-msvc:
      optional: true
    lightningcss-win32-x64-msvc:
      optional: true
  checksum: 10c0/5c0c73a33946dab65908d5cd1325df4efa290efb77f940b60f40448b5ab9a87d3ea665ef9bcf00df4209705050ecf2f7ecc649f44d6dfa5905bb50f15717e78d
  languageName: node
  linkType: hard

"magic-string@npm:^0.30.21":
  version: 0.30.21
  resolution: "magic-string@npm:0.30.21"
  dependencies:
    "@jridgewell/sourcemap-codec": "npm:^1.5.5"
  checksum: 10c0/299378e38f9a270069fc62358522ddfb44e94244baa0d6a8980ab2a9b2490a1d03b236b447eee309e17eb3bddfa482c61259d47960eb018a904f0ded52780c4a
  languageName: node
  linkType: hard

"nanoid@npm:^3.3.11, nanoid@npm:^3.3.6":
  version: 3.3.11
  resolution: "nanoid@npm:3.3.11"
  bin:
    nanoid: bin/nanoid.cjs
  checksum: 10c0/40e7f70b3d15f725ca072dfc4f74e81fcf1fbb02e491cf58ac0c79093adc9b0a73b152bcde57df4b79cd097e13023d7504acb38404a4da7bc1cd8e887b82fe0b
  languageName: node
  linkType: hard

"next@npm:15.5.4":
  version: 15.5.4
  resolution: "next@npm:15.5.4"
  dependencies:
    "@next/env": "npm:15.5.4"
    "@next/swc-darwin-arm64": "npm:15.5.4"
    "@next/swc-darwin-x64": "npm:15.5.4"
    "@next/swc-linux-arm64-gnu": "npm:15.5.4"
    "@next/swc-linux-arm64-musl": "npm:15.5.4"
    "@next/swc-linux-x64-gnu": "npm:15.5.4"
    "@next/swc-linux-x64-musl": "npm:15.5.4"
    "@next/swc-win32-arm64-msvc": "npm:15.5.4"
    "@next/swc-win32-x64-msvc": "npm:15.5.4"
    "@swc/helpers": "npm:0.5.15"
    caniuse-lite: "npm:^1.0.30001579"
    postcss: "npm:8.4.31"
    sharp: "npm:^0.34.3"
    styled-jsx: "npm:5.1.6"
  peerDependencies:
    "@opentelemetry/api": ^1.1.0
    "@playwright/test": ^1.51.1
    babel-plugin-react-compiler: "*"
    react: ^18.2.0 || 19.0.0-rc-de68d2f4-20241204 || ^19.0.0
    react-dom: ^18.2.0 || 19.0.0-rc-de68d2f4-20241204 || ^19.0.0
    sass: ^1.3.0
  dependenciesMeta:
    "@next/swc-darwin-arm64":
      optional: true
    "@next/swc-darwin-x64":
      optional: true
    "@next/swc-linux-arm64-gnu":
      optional: true
    "@next/swc-linux-arm64-musl":
      optional: true
    "@next/swc-linux-x64-gnu":
      optional: true
    "@next/swc-linux-x64-musl":
      optional: true
    "@next/swc-win32-arm64-msvc":
      optional: true
    "@next/swc-win32-x64-msvc":
      optional: true
    sharp:
      optional: true
  peerDependenciesMeta:
    "@opentelemetry/api":
      optional: true
    "@playwright/test":
      optional: true
    babel-plugin-react-compiler:
      optional: true
    sass:
      optional: true
  bin:
    next: dist/bin/next
  checksum: 10c0/3b5f04ed86d863bd5942b8ffb1ba8343da707579e720225c262d833d1b36c0daa0dbc3e6b24192280d0e02b066ac006a2b78673bbced19ca829de09bb4a2d73c
  languageName: node
  linkType: hard

"nextjs-cors@npm:^2.2.0":
  version: 2.2.1
  resolution: "nextjs-cors@npm:2.2.1"
  dependencies:
    cors: "npm:^2.8.5"
  peerDependencies:
    next: ">=8.1.1-canary.54"
  checksum: 10c0/f7fc66040a8bd06b1d7f639063d1d3547afd9d1edc43df986962e87aa1493a345958bacd9066bec92b8a88ffd437320444fe49c28e68aac209384ce5ca19cd8d
  languageName: node
  linkType: hard

"object-assign@npm:^4":
  version: 4.1.1
  resolution: "object-assign@npm:4.1.1"
  checksum: 10c0/1f4df9945120325d041ccf7b86f31e8bcc14e73d29171e37a7903050e96b81323784ec59f93f102ec635bcf6fa8034ba3ea0a8c7e69fa202b87ae3b6cec5a414
  languageName: node
  linkType: hard

"parseley@npm:^0.12.0":
  version: 0.12.1
  resolution: "parseley@npm:0.12.1"
  dependencies:
    leac: "npm:^0.6.0"
    peberminta: "npm:^0.9.0"
  checksum: 10c0/df3de74172b72305b867298a71e5882c413df75d30f2bafb5fb70779dfd349c5e4db03441fbf8ca83da8e4aa72bd0ef2b5c73086c4825d27d1c649d61bc0bcc0
  languageName: node
  linkType: hard

"peberminta@npm:^0.9.0":
  version: 0.9.0
  resolution: "peberminta@npm:0.9.0"
  checksum: 10c0/59c2c39269d9f7f559cf44582f1c0503524c6a9bc3478e0309adba2b41c71ab98745a239a4e6f98f46105291256e6d8f12ae9860d9f016b1c9a6f52c0b63bfe7
  languageName: node
  linkType: hard

"picocolors@npm:^1.0.0, picocolors@npm:^1.1.1":
  version: 1.1.1
  resolution: "picocolors@npm:1.1.1"
  checksum: 10c0/e2e3e8170ab9d7c7421969adaa7e1b31434f789afb9b3f115f6b96d91945041ac3ceb02e9ec6fe6510ff036bcc0bf91e69a1772edc0b707e12b19c0f2d6bcf58
  languageName: node
  linkType: hard

"postcss@npm:8.4.31":
  version: 8.4.31
  resolution: "postcss@npm:8.4.31"
  dependencies:
    nanoid: "npm:^3.3.6"
    picocolors: "npm:^1.0.0"
    source-map-js: "npm:^1.0.2"
  checksum: 10c0/748b82e6e5fc34034dcf2ae88ea3d11fd09f69b6c50ecdd3b4a875cfc7cdca435c958b211e2cb52355422ab6fccb7d8f2f2923161d7a1b281029e4a913d59acf
  languageName: node
  linkType: hard

"postcss@npm:^8.4.41":
  version: 8.5.6
  resolution: "postcss@npm:8.5.6"
  dependencies:
    nanoid: "npm:^3.3.11"
    picocolors: "npm:^1.1.1"
    source-map-js: "npm:^1.2.1"
  checksum: 10c0/5127cc7c91ed7a133a1b7318012d8bfa112da9ef092dddf369ae699a1f10ebbd89b1b9f25f3228795b84585c72aabd5ced5fc11f2ba467eedf7b081a66fad024
  languageName: node
  linkType: hard

"prettier@npm:^3.5.3":
  version: 3.8.0
  resolution: "prettier@npm:3.8.0"
  bin:
    prettier: bin/prettier.cjs
  checksum: 10c0/8926e9c9941a293b76c2d799089d038e9f6d84fb37702fc370bedd03b3c70d7fcf507e2e3c4f151f222d81820a3b74cac5e692c955cfafe34dd0d02616ce8327
  languageName: node
  linkType: hard

"react-dom@npm:19.1.0":
  version: 19.1.0
  resolution: "react-dom@npm:19.1.0"
  dependencies:
    scheduler: "npm:^0.26.0"
  peerDependencies:
    react: ^19.1.0
  checksum: 10c0/3e26e89bb6c67c9a6aa86cb888c7a7f8258f2e347a6d2a15299c17eb16e04c19194e3452bc3255bd34000a61e45e2cb51e46292392340432f133e5a5d2dfb5fc
  languageName: node
  linkType: hard

"react-promise-suspense@npm:^0.3.4":
  version: 0.3.4
  resolution: "react-promise-suspense@npm:0.3.4"
  dependencies:
    fast-deep-equal: "npm:^2.0.1"
  checksum: 10c0/ab7a22f5400f9e9933995537bf6430a4c79e33a121aedb51864968e7604e5c40421fd539ead62554f32300b7d49755c79636de06caa36fe52973b626b4ddfebf
  languageName: node
  linkType: hard

"react@npm:19.1.0":
  version: 19.1.0
  resolution: "react@npm:19.1.0"
  checksum: 10c0/530fb9a62237d54137a13d2cfb67a7db6a2156faed43eecc423f4713d9b20c6f2728b026b45e28fcd72e8eadb9e9ed4b089e99f5e295d2f0ad3134251bdd3698
  languageName: node
  linkType: hard

"resend@npm:^6.1.2":
  version: 6.8.0
  resolution: "resend@npm:6.8.0"
  dependencies:
    svix: "npm:1.84.1"
  peerDependencies:
    "@react-email/render": "*"
  peerDependenciesMeta:
    "@react-email/render":
      optional: true
  checksum: 10c0/97ea528c988a0f77b3672ea7c378213f18facb4dc3099472fced7c5d37dec99bdff36f1bd3b15e1953479d486e0fadf50ffdef20249109595d2cf0b94de13696
  languageName: node
  linkType: hard

"scheduler@npm:^0.26.0":
  version: 0.26.0
  resolution: "scheduler@npm:0.26.0"
  checksum: 10c0/5b8d5bfddaae3513410eda54f2268e98a376a429931921a81b5c3a2873aab7ca4d775a8caac5498f8cbc7d0daeab947cf923dbd8e215d61671f9f4e392d34356
  languageName: node
  linkType: hard

"selderee@npm:^0.11.0":
  version: 0.11.0
  resolution: "selderee@npm:0.11.0"
  dependencies:
    parseley: "npm:^0.12.0"
  checksum: 10c0/c2ad8313a0dbf3c0b74752a8d03cfbc0931ae77a36679cdb64733eb732c1762f95a5174249bf7e8b8103874cb0e013a030f9c8b72f5d41e62f1d847d4a845d39
  languageName: node
  linkType: hard

"semver@npm:^7.7.3":
  version: 7.7.3
  resolution: "semver@npm:7.7.3"
  bin:
    semver: bin/semver.js
  checksum: 10c0/4afe5c986567db82f44c8c6faef8fe9df2a9b1d98098fc1721f57c696c4c21cebd572f297fc21002f81889492345b8470473bc6f4aff5fb032a6ea59ea2bc45e
  languageName: node
  linkType: hard

"sharp@npm:^0.34.3":
  version: 0.34.5
  resolution: "sharp@npm:0.34.5"
  dependencies:
    "@img/colour": "npm:^1.0.0"
    "@img/sharp-darwin-arm64": "npm:0.34.5"
    "@img/sharp-darwin-x64": "npm:0.34.5"
    "@img/sharp-libvips-darwin-arm64": "npm:1.2.4"
    "@img/sharp-libvips-darwin-x64": "npm:1.2.4"
    "@img/sharp-libvips-linux-arm": "npm:1.2.4"
    "@img/sharp-libvips-linux-arm64": "npm:1.2.4"
    "@img/sharp-libvips-linux-ppc64": "npm:1.2.4"
    "@img/sharp-libvips-linux-riscv64": "npm:1.2.4"
    "@img/sharp-libvips-linux-s390x": "npm:1.2.4"
    "@img/sharp-libvips-linux-x64": "npm:1.2.4"
    "@img/sharp-libvips-linuxmusl-arm64": "npm:1.2.4"
    "@img/sharp-libvips-linuxmusl-x64": "npm:1.2.4"
    "@img/sharp-linux-arm": "npm:0.34.5"
    "@img/sharp-linux-arm64": "npm:0.34.5"
    "@img/sharp-linux-ppc64": "npm:0.34.5"
    "@img/sharp-linux-riscv64": "npm:0.34.5"
    "@img/sharp-linux-s390x": "npm:0.34.5"
    "@img/sharp-linux-x64": "npm:0.34.5"
    "@img/sharp-linuxmusl-arm64": "npm:0.34.5"
    "@img/sharp-linuxmusl-x64": "npm:0.34.5"
    "@img/sharp-wasm32": "npm:0.34.5"
    "@img/sharp-win32-arm64": "npm:0.34.5"
    "@img/sharp-win32-ia32": "npm:0.34.5"
    "@img/sharp-win32-x64": "npm:0.34.5"
    detect-libc: "npm:^2.1.2"
    semver: "npm:^7.7.3"
  dependenciesMeta:
    "@img/sharp-darwin-arm64":
      optional: true
    "@img/sharp-darwin-x64":
      optional: true
    "@img/sharp-libvips-darwin-arm64":
      optional: true
    "@img/sharp-libvips-darwin-x64":
      optional: true
    "@img/sharp-libvips-linux-arm":
      optional: true
    "@img/sharp-libvips-linux-arm64":
      optional: true
    "@img/sharp-libvips-linux-ppc64":
      optional: true
    "@img/sharp-libvips-linux-riscv64":
      optional: true
    "@img/sharp-libvips-linux-s390x":
      optional: true
    "@img/sharp-libvips-linux-x64":
      optional: true
    "@img/sharp-libvips-linuxmusl-arm64":
      optional: true
    "@img/sharp-libvips-linuxmusl-x64":
      optional: true
    "@img/sharp-linux-arm":
      optional: true
    "@img/sharp-linux-arm64":
      optional: true
    "@img/sharp-linux-ppc64":
      optional: true
    "@img/sharp-linux-riscv64":
      optional: true
    "@img/sharp-linux-s390x":
      optional: true
    "@img/sharp-linux-x64":
      optional: true
    "@img/sharp-linuxmusl-arm64":
      optional: true
    "@img/sharp-linuxmusl-x64":
      optional: true
    "@img/sharp-wasm32":
      optional: true
    "@img/sharp-win32-arm64":
      optional: true
    "@img/sharp-win32-ia32":
      optional: true
    "@img/sharp-win32-x64":
      optional: true
  checksum: 10c0/fd79e29df0597a7d5704b8461c51f944ead91a5243691697be6e8243b966402beda53ddc6f0a53b96ea3cb8221f0b244aa588114d3ebf8734fb4aefd41ab802f
  languageName: node
  linkType: hard

"source-map-js@npm:^1.0.2, source-map-js@npm:^1.2.1":
  version: 1.2.1
  resolution: "source-map-js@npm:1.2.1"
  checksum: 10c0/7bda1fc4c197e3c6ff17de1b8b2c20e60af81b63a52cb32ec5a5d67a20a7d42651e2cb34ebe93833c5a2a084377e17455854fee3e21e7925c64a51b6a52b0faf
  languageName: node
  linkType: hard

"standardwebhooks@npm:1.0.0":
  version: 1.0.0
  resolution: "standardwebhooks@npm:1.0.0"
  dependencies:
    "@stablelib/base64": "npm:^1.0.0"
    fast-sha256: "npm:^1.3.0"
  checksum: 10c0/aee097d0f3c05172c19b80df1ed9596a2ce92f8956957650d0bbe47c2ca6d36515796b51d523333cb4a48c889b2ab130d789e7879e14975c4381bc7a61274327
  languageName: node
  linkType: hard

"styled-jsx@npm:5.1.6":
  version: 5.1.6
  resolution: "styled-jsx@npm:5.1.6"
  dependencies:
    client-only: "npm:0.0.1"
  peerDependencies:
    react: ">= 16.8.0 || 17.x.x || ^18.0.0-0 || ^19.0.0-0"
  peerDependenciesMeta:
    "@babel/core":
      optional: true
    babel-plugin-macros:
      optional: true
  checksum: 10c0/ace50e7ea5ae5ae6a3b65a50994c51fca6ae7df9c7ecfd0104c36be0b4b3a9c5c1a2374d16e2a11e256d0b20be6d47256d768ecb4f91ab390f60752a075780f5
  languageName: node
  linkType: hard

"svix@npm:1.84.1":
  version: 1.84.1
  resolution: "svix@npm:1.84.1"
  dependencies:
    standardwebhooks: "npm:1.0.0"
    uuid: "npm:^10.0.0"
  checksum: 10c0/59b06741d37d1de271fcc1fe7f16e4180bb295fd3e8990be330bb6c31988d4ba2ca82548060374dba3d9ceb776c49136f70a485dd856a3dfb9a76728c429874e
  languageName: node
  linkType: hard

"tailwindcss@npm:4.1.18, tailwindcss@npm:^4":
  version: 4.1.18
  resolution: "tailwindcss@npm:4.1.18"
  checksum: 10c0/c79263cea0b2c577859b02f28284caa4eb3844e4d0f563686726ca97817c045c5c395a55bc776daaa351ba9e4aefa9a75bfbb43c22d86f3c573eecc2b87d6bf1
  languageName: node
  linkType: hard

"tapable@npm:^2.2.0":
  version: 2.3.0
  resolution: "tapable@npm:2.3.0"
  checksum: 10c0/cb9d67cc2c6a74dedc812ef3085d9d681edd2c1fa18e4aef57a3c0605fdbe44e6b8ea00bd9ef21bc74dd45314e39d31227aa031ebf2f5e38164df514136f2681
  languageName: node
  linkType: hard

"tslib@npm:^2.4.0, tslib@npm:^2.8.0":
  version: 2.8.1
  resolution: "tslib@npm:2.8.1"
  checksum: 10c0/9c4759110a19c53f992d9aae23aac5ced636e99887b51b9e61def52611732872ff7668757d4e4c61f19691e36f4da981cd9485e869b4a7408d689f6bf1f14e62
  languageName: node
  linkType: hard

"typescript@npm:^5":
  version: 5.9.3
  resolution: "typescript@npm:5.9.3"
  bin:
    tsc: bin/tsc
    tsserver: bin/tsserver
  checksum: 10c0/6bd7552ce39f97e711db5aa048f6f9995b53f1c52f7d8667c1abdc1700c68a76a308f579cd309ce6b53646deb4e9a1be7c813a93baaf0a28ccd536a30270e1c5
  languageName: node
  linkType: hard

"typescript@patch:typescript@npm%3A^5#optional!builtin<compat/typescript>":
  version: 5.9.3
  resolution: "typescript@patch:typescript@npm%3A5.9.3#optional!builtin<compat/typescript>::version=5.9.3&hash=5786d5"
  bin:
    tsc: bin/tsc
    tsserver: bin/tsserver
  checksum: 10c0/ad09fdf7a756814dce65bc60c1657b40d44451346858eea230e10f2e95a289d9183b6e32e5c11e95acc0ccc214b4f36289dcad4bf1886b0adb84d711d336a430
  languageName: node
  linkType: hard

"undici-types@npm:~6.21.0":
  version: 6.21.0
  resolution: "undici-types@npm:6.21.0"
  checksum: 10c0/c01ed51829b10aa72fc3ce64b747f8e74ae9b60eafa19a7b46ef624403508a54c526ffab06a14a26b3120d055e1104d7abe7c9017e83ced038ea5cf52f8d5e04
  languageName: node
  linkType: hard

"uuid@npm:^10.0.0":
  version: 10.0.0
  resolution: "uuid@npm:10.0.0"
  bin:
    uuid: dist/bin/uuid
  checksum: 10c0/eab18c27fe4ab9fb9709a5d5f40119b45f2ec8314f8d4cf12ce27e4c6f4ffa4a6321dc7db6c515068fa373c075b49691ba969f0010bf37f44c37ca40cd6bf7fe
  languageName: node
  linkType: hard

"vary@npm:^1":
  version: 1.1.2
  resolution: "vary@npm:1.1.2"
  checksum: 10c0/f15d588d79f3675135ba783c91a4083dcd290a2a5be9fcb6514220a1634e23df116847b1cc51f66bfb0644cf9353b2abb7815ae499bab06e46dd33c1a6bf1f4f
  languageName: node
  linkType: hard
